
Microsoft Visual Studio Solution File, Format Version 12.00
# Visual Studio Version 17
VisualStudioVersion = 17.7.34031.279
MinimumVisualStudioVersion = 10.0.40219.1
Project("{9A19103F-16F7-4668-BE54-9A1E7A4F7556}") = "OopPolymorphism", "OopPymorphism\OopPolymorphism.csproj", "{3A29B03E-AD3F-4805-9834-64F32F6C1254}"
EndProject
Global
	GlobalSection(SolutionConfigurationPlatforms) = preSolution
		Debug|Any CPU = Debug|Any CPU
		Release|Any CPU = Release|Any CPU
	EndGlobalSection
	GlobalSection(ProjectConfigurationPlatforms) = postSolution
		{3A29B03E-AD3F-4805-9834-64F32F6C1254}.Debug|Any CPU.ActiveCfg = Debug|Any CPU
		{3A29B03E-AD3F-4805-9834-64F32F6C1254}.Debug|Any CPU.Build.0 = Debug|Any CPU
		{3A29B03E-AD3F-4805-9834-64F32F6C1254}.Release|Any CPU.ActiveCfg = Release|Any CPU
		{3A29B03E-AD3F-4805-9834-64F32F6C1254}.Release|Any CPU.Build.0 = Release|Any CPU
	EndGlobalSection
	GlobalSection(SolutionProperties) = preSolution
		HideSolutionNode = FALSE
	EndGlobalSection
	GlobalSection(ExtensibilityGlobals) = postSolution
		SolutionGuid = {0A82E67C-FF3B-4613-AC09-7045564D7B73}
	EndGlobalSection
EndGlobal
